
Microsoft Visual Studio Solution File, Format Version 12.00
# Visual Studio Version 17
VisualStudioVersion = 17.0.31919.166
MinimumVisualStudioVersion = 10.0.40219.1
Project("{2150E333-8FDC-42A3-9474-1A3956D46DE8}") = "ActivityMe.Groups", "ActivityMe.Groups", "{2F3DCB6F-3600-4F74-B506-EE7128CFBFD5}"
EndProject
Project("{2150E333-8FDC-42A3-9474-1A3956D46DE8}") = "ActivityMe.Common", "ActivityMe.Common", "{E0A3E742-74D3-488C-BE69-FF9F7988197A}"
EndProject
Project("{9A19103F-16F7-4668-BE54-9A1E7A4F7556}") = "ActivityMe.Common", "ActivityMe.Common\ActivityMe.Common.csproj", "{F873CD7F-88D5-4232-B8D1-9BA91AD21B6D}"
EndProject
Project("{2150E333-8FDC-42A3-9474-1A3956D46DE8}") = "ActivityMe.Users", "ActivityMe.Users", "{63AAB526-9631-484C-80E3-6FCE7F72F470}"
EndProject
Project("{9A19103F-16F7-4668-BE54-9A1E7A4F7556}") = "ActivityMe.Users.API", "ActivityMe.Users.API\ActivityMe.Users.API.csproj", "{B3B75C45-8F0E-448D-B6CE-B425F1DD8B7E}"
EndProject
Project("{2150E333-8FDC-42A3-9474-1A3956D46DE8}") = "ActivityMe.Services", "ActivityMe.Services", "{F53BD16E-1B7E-48D1-B20A-DDE21901769F}"
EndProject
Project("{9A19103F-16F7-4668-BE54-9A1E7A4F7556}") = "ActivityMe.Services.API", "ActivityMe.Services.API\ActivityMe.Services.API.csproj", "{4193280E-D420-46D2-8528-59A1C5D469E0}"
EndProject
Project("{9A19103F-16F7-4668-BE54-9A1E7A4F7556}") = "ActivityMe.Groups.API", "ActivityMe.Groups.API\ActivityMe.Groups.API.csproj", "{05709328-A9C2-40B4-96AE-2CA8C4C9203E}"
EndProject
Project("{E53339B2-1760-4266-BCC7-CA923CBCF16C}") = "docker-compose", "docker-compose.dcproj", "{DE238D80-DE4C-4ACD-A379-6CEACF2BEE44}"
EndProject
Project("{2150E333-8FDC-42A3-9474-1A3956D46DE8}") = "ActivityMe.Identity", "ActivityMe.Identity", "{F61C132E-C1D6-40F2-BA14-30FCBABE331E}"
	ProjectSection(SolutionItems) = preProject
		readme.txt = readme.txt
	EndProjectSection
EndProject
Project("{9A19103F-16F7-4668-BE54-9A1E7A4F7556}") = "ActivityMe.IdentityServer", "ActivityMe.Identity\ActivityMe.IdentityServer\ActivityMe.IdentityServer.csproj", "{B1737524-4837-488F-A7CC-8E7D14D88839}"
EndProject
Global
	GlobalSection(SolutionConfigurationPlatforms) = preSolution
		Debug|Any CPU = Debug|Any CPU
		Release|Any CPU = Release|Any CPU
	EndGlobalSection
	GlobalSection(ProjectConfigurationPlatforms) = postSolution
		{F873CD7F-88D5-4232-B8D1-9BA91AD21B6D}.Debug|Any CPU.ActiveCfg = Debug|Any CPU
		{F873CD7F-88D5-4232-B8D1-9BA91AD21B6D}.Debug|Any CPU.Build.0 = Debug|Any CPU
		{F873CD7F-88D5-4232-B8D1-9BA91AD21B6D}.Release|Any CPU.ActiveCfg = Release|Any CPU
		{F873CD7F-88D5-4232-B8D1-9BA91AD21B6D}.Release|Any CPU.Build.0 = Release|Any CPU
		{B3B75C45-8F0E-448D-B6CE-B425F1DD8B7E}.Debug|Any CPU.ActiveCfg = Debug|Any CPU
		{B3B75C45-8F0E-448D-B6CE-B425F1DD8B7E}.Debug|Any CPU.Build.0 = Debug|Any CPU
		{B3B75C45-8F0E-448D-B6CE-B425F1DD8B7E}.Release|Any CPU.ActiveCfg = Release|Any CPU
		{B3B75C45-8F0E-448D-B6CE-B425F1DD8B7E}.Release|Any CPU.Build.0 = Release|Any CPU
		{4193280E-D420-46D2-8528-59A1C5D469E0}.Debug|Any CPU.ActiveCfg = Debug|Any CPU
		{4193280E-D420-46D2-8528-59A1C5D469E0}.Debug|Any CPU.Build.0 = Debug|Any CPU
		{4193280E-D420-46D2-8528-59A1C5D469E0}.Release|Any CPU.ActiveCfg = Release|Any CPU
		{4193280E-D420-46D2-8528-59A1C5D469E0}.Release|Any CPU.Build.0 = Release|Any CPU
		{05709328-A9C2-40B4-96AE-2CA8C4C9203E}.Debug|Any CPU.ActiveCfg = Debug|Any CPU
		{05709328-A9C2-40B4-96AE-2CA8C4C9203E}.Debug|Any CPU.Build.0 = Debug|Any CPU
		{05709328-A9C2-40B4-96AE-2CA8C4C9203E}.Release|Any CPU.ActiveCfg = Release|Any CPU
		{05709328-A9C2-40B4-96AE-2CA8C4C9203E}.Release|Any CPU.Build.0 = Release|Any CPU
		{DE238D80-DE4C-4ACD-A379-6CEACF2BEE44}.Debug|Any CPU.ActiveCfg = Debug|Any CPU
		{DE238D80-DE4C-4ACD-A379-6CEACF2BEE44}.Debug|Any CPU.Build.0 = Debug|Any CPU
		{DE238D80-DE4C-4ACD-A379-6CEACF2BEE44}.Release|Any CPU.ActiveCfg = Release|Any CPU
		{DE238D80-DE4C-4ACD-A379-6CEACF2BEE44}.Release|Any CPU.Build.0 = Release|Any CPU
		{B1737524-4837-488F-A7CC-8E7D14D88839}.Debug|Any CPU.ActiveCfg = Debug|Any CPU
		{B1737524-4837-488F-A7CC-8E7D14D88839}.Debug|Any CPU.Build.0 = Debug|Any CPU
		{B1737524-4837-488F-A7CC-8E7D14D88839}.Release|Any CPU.ActiveCfg = Release|Any CPU
		{B1737524-4837-488F-A7CC-8E7D14D88839}.Release|Any CPU.Build.0 = Release|Any CPU
	EndGlobalSection
	GlobalSection(SolutionProperties) = preSolution
		HideSolutionNode = FALSE
	EndGlobalSection
	GlobalSection(NestedProjects) = preSolution
		{F873CD7F-88D5-4232-B8D1-9BA91AD21B6D} = {E0A3E742-74D3-488C-BE69-FF9F7988197A}
		{B3B75C45-8F0E-448D-B6CE-B425F1DD8B7E} = {63AAB526-9631-484C-80E3-6FCE7F72F470}
		{4193280E-D420-46D2-8528-59A1C5D469E0} = {F53BD16E-1B7E-48D1-B20A-DDE21901769F}
		{05709328-A9C2-40B4-96AE-2CA8C4C9203E} = {2F3DCB6F-3600-4F74-B506-EE7128CFBFD5}
		{B1737524-4837-488F-A7CC-8E7D14D88839} = {F61C132E-C1D6-40F2-BA14-30FCBABE331E}
	EndGlobalSection
	GlobalSection(ExtensibilityGlobals) = postSolution
		SolutionGuid = {BFBB6D22-31D7-48AB-97A9-9D1A82FEEBFE}
	EndGlobalSection
EndGlobal
